
Microsoft Visual Studio Solution File, Format Version 12.00
# Visual Studio Version 16
VisualStudioVersion = 16.0.31019.35
MinimumVisualStudioVersion = 10.0.40219.1
Project("{FAE04EC0-301F-11D3-BF4B-00C04F79EFBC}") = "Build_Pipeline", "Build_Pipeline\Build_Pipeline.csproj", "{C897D5BD-C52E-432C-90D0-7FD69DF9C30B}"
EndProject
Global
	GlobalSection(SolutionConfigurationPlatforms) = preSolution
		Debug|Any CPU = Debug|Any CPU
		Release|Any CPU = Release|Any CPU
	EndGlobalSection
	GlobalSection(ProjectConfigurationPlatforms) = postSolution
		{C897D5BD-C52E-432C-90D0-7FD69DF9C30B}.Debug|Any CPU.ActiveCfg = Debug|Any CPU
		{C897D5BD-C52E-432C-90D0-7FD69DF9C30B}.Debug|Any CPU.Build.0 = Debug|Any CPU
		{C897D5BD-C52E-432C-90D0-7FD69DF9C30B}.Release|Any CPU.ActiveCfg = Release|Any CPU
		{C897D5BD-C52E-432C-90D0-7FD69DF9C30B}.Release|Any CPU.Build.0 = Release|Any CPU
	EndGlobalSection
	GlobalSection(SolutionProperties) = preSolution
		HideSolutionNode = FALSE
	EndGlobalSection
	GlobalSection(ExtensibilityGlobals) = postSolution
		SolutionGuid = {66149F39-447F-427A-9005-C0B2712DEC22}
	EndGlobalSection
EndGlobal
